
Microsoft Visual Studio Solution File, Format Version 12.00
# Visual Studio Version 16
VisualStudioVersion = 16.0.30611.23
MinimumVisualStudioVersion = 10.0.40219.1
Project("{FAE04EC0-301F-11D3-BF4B-00C04F79EFBC}") = "GSM", "GSM\GSM.csproj", "{CC14124D-5F7B-4150-A079-36176F94D071}"
EndProject
Global
	GlobalSection(SolutionConfigurationPlatforms) = preSolution
		Debug|Any CPU = Debug|Any CPU
		Release|Any CPU = Release|Any CPU
	EndGlobalSection
	GlobalSection(ProjectConfigurationPlatforms) = postSolution
		{CC14124D-5F7B-4150-A079-36176F94D071}.Debug|Any CPU.ActiveCfg = Debug|Any CPU
		{CC14124D-5F7B-4150-A079-36176F94D071}.Debug|Any CPU.Build.0 = Debug|Any CPU
		{CC14124D-5F7B-4150-A079-36176F94D071}.Release|Any CPU.ActiveCfg = Release|Any CPU
		{CC14124D-5F7B-4150-A079-36176F94D071}.Release|Any CPU.Build.0 = Release|Any CPU
	EndGlobalSection
	GlobalSection(SolutionProperties) = preSolution
		HideSolutionNode = FALSE
	EndGlobalSection
	GlobalSection(ExtensibilityGlobals) = postSolution
		SolutionGuid = {50B9CDC0-682A-4BA4-8FF1-370A320B7651}
	EndGlobalSection
EndGlobal
